
Microsoft Visual Studio Solution File, Format Version 12.00
# Visual Studio Version 17
VisualStudioVersion = 17.4.33213.308
MinimumVisualStudioVersion = 10.0.40219.1
Project("{FAE04EC0-301F-11D3-BF4B-00C04F79EFBC}") = "Examination System UML", "Examination System UML\Examination System UML.csproj", "{67F4AA18-881C-4746-BA8E-BB56427C1350}"
EndProject
Global
	GlobalSection(SolutionConfigurationPlatforms) = preSolution
		Debug|Any CPU = Debug|Any CPU
		Release|Any CPU = Release|Any CPU
	EndGlobalSection
	GlobalSection(ProjectConfigurationPlatforms) = postSolution
		{67F4AA18-881C-4746-BA8E-BB56427C1350}.Debug|Any CPU.ActiveCfg = Debug|Any CPU
		{67F4AA18-881C-4746-BA8E-BB56427C1350}.Debug|Any CPU.Build.0 = Debug|Any CPU
		{67F4AA18-881C-4746-BA8E-BB56427C1350}.Release|Any CPU.ActiveCfg = Release|Any CPU
		{67F4AA18-881C-4746-BA8E-BB56427C1350}.Release|Any CPU.Build.0 = Release|Any CPU
	EndGlobalSection
	GlobalSection(SolutionProperties) = preSolution
		HideSolutionNode = FALSE
	EndGlobalSection
	GlobalSection(ExtensibilityGlobals) = postSolution
		SolutionGuid = {663625AA-D619-421D-AA3F-105475211977}
	EndGlobalSection
EndGlobal
